{
  "name": "who-killed-mary-trailer",
  "lockfileVersion": 3,
  "requires": true,
  "packages": {
    "": {
      "name": "who-killed-mary-trailer",
      "dependencies": {
        "@fontsource/bodoni-moda": "^5.3.0",
        "@fontsource/special-elite": "^5.3.0",
        "@fontsource/vt323": "^5.3.0",
        "gsap": "^3.14.2"
      }
    },
    "node_modules/@fontsource/bodoni-moda": {
      "version": "5.3.0",
      "resolved": "https://registry.npmjs.org/@fontsource/bodoni-moda/-/bodoni-moda-5.3.0.tgz",
      "integrity": "sha512-Wt2XBCHivYxkTP3ydq/Ax+7VshwsOh/6ayA5om2t+yClCkGwLPj2Mi6OnyMANjyLcqDUWs4rlOHnc8SBLf6/pA==",
      "license": "OFL-1.1",
      "funding": {
        "url": "https://github.com/sponsors/ayuhito"
      }
    },
    "node_modules/@fontsource/special-elite": {
      "version": "5.3.0",
      "resolved": "https://registry.npmjs.org/@fontsource/special-elite/-/special-elite-5.3.0.tgz",
      "integrity": "sha512-fOQ9XU8m4KnqzcLibAXCxTsKzbxePNDjPqVss5GSMcPVCY1TuCv+Wq8gm1ebqIR6XS1rhMbQ7ECP9ocKVEEpTA==",
      "license": "Apache-2.0",
      "funding": {
        "url": "https://github.com/sponsors/ayuhito"
      }
    },
    "node_modules/@fontsource/vt323": {
      "version": "5.3.0",
      "resolved": "https://registry.npmjs.org/@fontsource/vt323/-/vt323-5.3.0.tgz",
      "integrity": "sha512-3w33Rg/0+R1587HQfz4t7Q7e0GGeCqr3wmzIwqdGInUnrGEwMA5eX39GP4Z9wpTQnwfhVOhYuxuRwRUeIcicbw==",
      "license": "OFL-1.1",
      "funding": {
        "url": "https://github.com/sponsors/ayuhito"
      }
    },
    "node_modules/gsap": {
      "version": "3.14.2",
      "resolved": "https://registry.npmjs.org/gsap/-/gsap-3.14.2.tgz",
      "integrity": "sha512-P8/mMxVLU7o4+55+1TCnQrPmgjPKnwkzkXOK1asnR9Jg2lna4tEY5qBJjMmAaOBDDZWtlRjBXjLa0w53G/uBLA==",
      "license": "Standard 'no charge' license: https://gsap.com/standard-license."
    }
  }
}
